
Microsoft Visual Studio Solution File, Format Version 12.00
# Visual Studio Version 17
VisualStudioVersion = 17.13.35818.85 d17.13
MinimumVisualStudioVersion = 10.0.40219.1
Project("{FAE04EC0-301F-11D3-BF4B-00C04F79EFBC}") = "HW2", "HW2.csproj", "{1B164AD6-A5CC-4CC4-A421-7D0DCFC0810A}"
EndProject
Global
	GlobalSection(SolutionConfigurationPlatforms) = preSolution
		Debug|Any CPU = Debug|Any CPU
		Release|Any CPU = Release|Any CPU
	EndGlobalSection
	GlobalSection(ProjectConfigurationPlatforms) = postSolution
		{1B164AD6-A5CC-4CC4-A421-7D0DCFC0810A}.Debug|Any CPU.ActiveCfg = Debug|Any CPU
		{1B164AD6-A5CC-4CC4-A421-7D0DCFC0810A}.Debug|Any CPU.Build.0 = Debug|Any CPU
		{1B164AD6-A5CC-4CC4-A421-7D0DCFC0810A}.Release|Any CPU.ActiveCfg = Release|Any CPU
		{1B164AD6-A5CC-4CC4-A421-7D0DCFC0810A}.Release|Any CPU.Build.0 = Release|Any CPU
	EndGlobalSection
	GlobalSection(SolutionProperties) = preSolution
		HideSolutionNode = FALSE
	EndGlobalSection
	GlobalSection(ExtensibilityGlobals) = postSolution
		SolutionGuid = {38E20335-D743-44F9-A08E-1F7AB0AD9122}
	EndGlobalSection
EndGlobal
